
Microsoft Visual Studio Solution File, Format Version 12.00
# Visual Studio 2017
Project("{FAE04EC0-301F-11D3-BF4B-00C04F79EFBC}") = "Sample 2", "Sample 2.csproj", "{D3D46722-3C23-A90A-C2E4-A7C6655598CA}"
EndProject
Global
	GlobalSection(SolutionConfigurationPlatforms) = preSolution
		Debug|Any CPU = Debug|Any CPU
		Release|Any CPU = Release|Any CPU
	EndGlobalSection
	GlobalSection(ProjectConfigurationPlatforms) = postSolution
		{D3D46722-3C23-A90A-C2E4-A7C6655598CA}.Debug|Any CPU.ActiveCfg = Debug|Any CPU
		{D3D46722-3C23-A90A-C2E4-A7C6655598CA}.Debug|Any CPU.Build.0 = Debug|Any CPU
		{D3D46722-3C23-A90A-C2E4-A7C6655598CA}.Release|Any CPU.ActiveCfg = Release|Any CPU
		{D3D46722-3C23-A90A-C2E4-A7C6655598CA}.Release|Any CPU.Build.0 = Release|Any CPU
	EndGlobalSection
	GlobalSection(SolutionProperties) = preSolution
		HideSolutionNode = FALSE
	EndGlobalSection
EndGlobal
