
Microsoft Visual Studio Solution File, Format Version 12.00
# Visual Studio 2017
Project("{FAE04EC0-301F-11D3-BF4B-00C04F79EFBC}") = "CompleteAlpha_PrototypeTesting", "CompleteAlpha_PrototypeTesting.csproj", "{F2BFE672-103B-F92A-A3CD-FD82E9C02DAD}"
EndProject
Global
	GlobalSection(SolutionConfigurationPlatforms) = preSolution
		Debug|Any CPU = Debug|Any CPU
		Release|Any CPU = Release|Any CPU
	EndGlobalSection
	GlobalSection(ProjectConfigurationPlatforms) = postSolution
		{F2BFE672-103B-F92A-A3CD-FD82E9C02DAD}.Debug|Any CPU.ActiveCfg = Debug|Any CPU
		{F2BFE672-103B-F92A-A3CD-FD82E9C02DAD}.Debug|Any CPU.Build.0 = Debug|Any CPU
		{F2BFE672-103B-F92A-A3CD-FD82E9C02DAD}.Release|Any CPU.ActiveCfg = Release|Any CPU
		{F2BFE672-103B-F92A-A3CD-FD82E9C02DAD}.Release|Any CPU.Build.0 = Release|Any CPU
	EndGlobalSection
	GlobalSection(SolutionProperties) = preSolution
		HideSolutionNode = FALSE
	EndGlobalSection
EndGlobal
