
Microsoft Visual Studio Solution File, Format Version 12.00
# Visual Studio 2017
Project("{FAE04EC0-301F-11D3-BF4B-00C04F79EFBC}") = "Sample 1", "Sample 1.csproj", "{93814225-D34C-8794-24A3-28247ACB7851}"
EndProject
Global
	GlobalSection(SolutionConfigurationPlatforms) = preSolution
		Debug|Any CPU = Debug|Any CPU
		Release|Any CPU = Release|Any CPU
	EndGlobalSection
	GlobalSection(ProjectConfigurationPlatforms) = postSolution
		{93814225-D34C-8794-24A3-28247ACB7851}.Debug|Any CPU.ActiveCfg = Debug|Any CPU
		{93814225-D34C-8794-24A3-28247ACB7851}.Debug|Any CPU.Build.0 = Debug|Any CPU
		{93814225-D34C-8794-24A3-28247ACB7851}.Release|Any CPU.ActiveCfg = Release|Any CPU
		{93814225-D34C-8794-24A3-28247ACB7851}.Release|Any CPU.Build.0 = Release|Any CPU
	EndGlobalSection
	GlobalSection(SolutionProperties) = preSolution
		HideSolutionNode = FALSE
	EndGlobalSection
EndGlobal
